
Microsoft Visual Studio Solution File, Format Version 12.00
# Visual Studio Version 17
VisualStudioVersion = 17.14.36121.58 d17.14
MinimumVisualStudioVersion = 10.0.40219.1
Project("{FAE04EC0-301F-11D3-BF4B-00C04F79EFBC}") = "AgriTech1", "AgriTech1.csproj", "{A9533FB2-57E0-425D-AC3C-C3C96B5E4973}"
EndProject
Global
	GlobalSection(SolutionConfigurationPlatforms) = preSolution
		Debug|Any CPU = Debug|Any CPU
		Release|Any CPU = Release|Any CPU
	EndGlobalSection
	GlobalSection(ProjectConfigurationPlatforms) = postSolution
		{A9533FB2-57E0-425D-AC3C-C3C96B5E4973}.Debug|Any CPU.ActiveCfg = Debug|Any CPU
		{A9533FB2-57E0-425D-AC3C-C3C96B5E4973}.Debug|Any CPU.Build.0 = Debug|Any CPU
		{A9533FB2-57E0-425D-AC3C-C3C96B5E4973}.Release|Any CPU.ActiveCfg = Release|Any CPU
		{A9533FB2-57E0-425D-AC3C-C3C96B5E4973}.Release|Any CPU.Build.0 = Release|Any CPU
	EndGlobalSection
	GlobalSection(SolutionProperties) = preSolution
		HideSolutionNode = FALSE
	EndGlobalSection
	GlobalSection(ExtensibilityGlobals) = postSolution
		SolutionGuid = {1A2A753B-192D-4F78-A1D0-EB09A792C666}
	EndGlobalSection
EndGlobal
